
Microsoft Visual Studio Solution File, Format Version 12.00
# Visual Studio Version 17
VisualStudioVersion = 17.13.35919.96 d17.13
MinimumVisualStudioVersion = 10.0.40219.1
Project("{8BC9CEB8-8B4A-11D0-8D11-00A0C91BC942}") = "lab7", "lab7.vcxproj", "{0BE8537E-A7A7-42FC-B884-6B96DF706FEE}"
EndProject
Global
	GlobalSection(SolutionConfigurationPlatforms) = preSolution
		Debug|x64 = Debug|x64
		Debug|x86 = Debug|x86
		Release|x64 = Release|x64
		Release|x86 = Release|x86
	EndGlobalSection
	GlobalSection(ProjectConfigurationPlatforms) = postSolution
		{0BE8537E-A7A7-42FC-B884-6B96DF706FEE}.Debug|x64.ActiveCfg = Debug|x64
		{0BE8537E-A7A7-42FC-B884-6B96DF706FEE}.Debug|x64.Build.0 = Debug|x64
		{0BE8537E-A7A7-42FC-B884-6B96DF706FEE}.Debug|x86.ActiveCfg = Debug|Win32
		{0BE8537E-A7A7-42FC-B884-6B96DF706FEE}.Debug|x86.Build.0 = Debug|Win32
		{0BE8537E-A7A7-42FC-B884-6B96DF706FEE}.Release|x64.ActiveCfg = Release|x64
		{0BE8537E-A7A7-42FC-B884-6B96DF706FEE}.Release|x64.Build.0 = Release|x64
		{0BE8537E-A7A7-42FC-B884-6B96DF706FEE}.Release|x86.ActiveCfg = Release|Win32
		{0BE8537E-A7A7-42FC-B884-6B96DF706FEE}.Release|x86.Build.0 = Release|Win32
	EndGlobalSection
	GlobalSection(SolutionProperties) = preSolution
		HideSolutionNode = FALSE
	EndGlobalSection
	GlobalSection(ExtensibilityGlobals) = postSolution
		SolutionGuid = {4C21D1D6-B4E9-4D62-8806-1E987A6E16C9}
	EndGlobalSection
EndGlobal
